{
  "name": "monorepo",
  "version": "1.0.0",
  "lockfileVersion": 3,
  "requires": true,
  "packages": {
    "": {
      "name": "monorepo",
      "version": "1.0.0",
      "license": "ISC",
      "workspaces": [
        "./packages/*"
      ]
    },
    "node_modules/package-a": {
      "resolved": "packages/package-a",
      "link": true
    },
    "node_modules/package-b": {
      "resolved": "packages/package-b",
      "link": true
    },
    "packages/package-a": {
      "version": "1.0.0",
      "license": "ISC"
    },
    "packages/package-b": {
      "version": "1.0.0",
      "license": "ISC"
    }
  }
}
